github.com/Jeffail/gabs v0.0.0-20180420203615-7a0fed31069a/go.mod h1:6xMvQMK4k33lb7GUUpaAPh6nKMmemQeg5d4gn7/bOXc=
github.com/PuerkitoBio/purell v0.0.0-20161115024942-0bcb03f4b4d0 h1:5AhpYURFSXm1NscsLC2TYE8A5gqdLAEpK96AljPj3cQ=
github.com/PuerkitoBio/purell v0.0.0-20161115024942-0bcb03f4b4d0/go.mod h1:c11w/QuzBsJSee3cPx9rAFu61PvFxuPbtSwDGJws/X0=
github.com/PuerkitoBio/urlesc v0.0.0-20170810143723-de5bf2ad4578 h1:d+Bc7a5rLufV/sSk/8dngufqelfh6jnri85riMAaF/M=
github.com/PuerkitoBio/urlesc v0.0.0-20170810143723-de5bf2ad4578/go.mod h1:uGdkoq3SwY9Y+13GIhn11/XLaGBb4BfwItxLd5jeuXE=
github.com/ant31/crd-validation v0.0.0-20180702145049-30f8a35d0ac2 h1:CDDf61yprxfS7bmBPyhH8pxaobD2VbO3d7laAxJbZos=
github.com/ant31/crd-validation v0.0.0-20180702145049-30f8a35d0ac2/go.mod h1:X0noFIik9YqfhGYBLEHg8LJKEwy7QIitLQuFMpKLcPk=
github.com/beorn7/perks v0.0.0-20180321164747-3a771d992973 h1:xJ4a3vCFaGF/jqvzLMYoU8P317H5OQ+Via4RmuPwCS0=
github.com/beorn7/perks v0.0.0-20180321164747-3a771d992973/go.mod h1:Dwedo/Wpr24TaqPxmxbtue+5NUziq4I4S80YR8gNf3Q=
github.com/blang/semver v0.0.0-20170727064818-2ee87856327b h1:rm97s2hx0swURhod3sqcvqU9LNhx/OcIyynGMbrBC0c=
github.com/blang/semver v0.0.0-20170727064818-2ee87856327b/go.mod h1:kRBLl5iJ+tD4TcOOxsy/0fnwebNt5EWlYSAyrTnjyyk=
github.com/coreos/prometheus-operator v0.0.0-20180806150402-82ac49106139 h1:+zqdrtujXdW+LOnf8pZB8oTaKTPJdB0vNcVQ9eQzKOY=
github.com/coreos/prometheus-operator v0.0.0-20180806150402-82ac49106139/go.mod h1:SO+r5yZUacDFPKHfPoUjI3hMsH+ZUdiuNNhuSq3WoSg=
github.com/davecgh/go-spew v0.0.0-20161029205726-346938d642f2 h1:XOrfDPcKx4t8uY9mnvidzHKxZLIUCLoGRNpXLO4dEsw=
github.com/davecgh/go-spew v0.0.0-20161029205726-346938d642f2/go.mod h1:J7Y8YcW2NihsgmVo/mv3lAwl/skON4iLHjSsI+c5H38=
github.com/emicklei/go-restful v0.0.0-20180701195719-3eb9738c1697 h1:zOQXJ9PYQW6KMs1SxgStrY/AQo28i22HyEZTRy2lzc8=
github.com/emicklei/go-restful v0.0.0-20180701195719-3eb9738c1697/go.mod h1:otzb+WCGbkyDHkqmQmT5YD2WR4BBwUdeQoFo8l/7tVs=
github.com/ghodss/yaml v0.0.0-20170327235444-0ca9ea5df545 h1:QS8kuHyraDMwqUIj+4pKBx5Sxasgi3swtkJS45sAAx8=
github.com/ghodss/yaml v0.0.0-20170327235444-0ca9ea5df545/go.mod h1:4dBDuWmgqj2HViK6kFavaiC9ZROes6MMH2rRYeMEF04=
github.com/go-kit/kit v0.0.0-20180319174501-ca4112baa34c h1:ThedE2BH+4ubqCVTOTKg4ROoic5kuyKXBjLwZq/8I10=
github.com/go-kit/kit v0.0.0-20180319174501-ca4112baa34c/go.mod h1:xBxKIO96dXMWWy0MnWVtmwkA9/13aqxPnvrjFYMA2as=
github.com/go-logfmt/logfmt v0.0.0-20161115142513-390ab7935ee2 h1:HhX/6LXHFZ4U8SpBzM4XiAjBbXGQIUDLN4SVYL2dRbc=
github.com/go-logfmt/logfmt v0.0.0-20161115142513-390ab7935ee2/go.mod h1:Qt1PoO58o5twSAckw1HlFXLmHsOX5/0LbT9GBnD5lWE=
github.com/go-openapi/jsonpointer v0.0.0-20180322222829-3a0015ad55fa h1:hr8WVDjg4JKtQptZpzyb196TmruCs7PIsdJz8KAOZp8=
github.com/go-openapi/jsonpointer v0.0.0-20180322222829-3a0015ad55fa/go.mod h1:+35s3my2LFTysnkMfxsJBAMHj/DoqoB9knIWoYG/Vk0=
github.com/go-openapi/jsonreference v0.0.0-20180322222742-3fb327e6747d h1:k3UQ7Z8yFYq0BNkYykKIheY0HlZBl1Hku+pO9HE9FNU=
github.com/go-openapi/jsonreference v0.0.0-20180322222742-3fb327e6747d/go.mod h1:W3Z9FmVs9qj+KR4zFKmDPGiLdk1D9Rlm7cyMvf57TTg=
github.com/go-openapi/spec v0.0.0-20180709191619-90cb6221326a h1:qJiIvQuOzfy+IGWG8oGyfoNhwF6tDf108qTvcZe6Opc=
github.com/go-openapi/spec v0.0.0-20180709191619-90cb6221326a/go.mod h1:J8+jY1nAiCcj+friV/PDoE1/3eeccG9LYBs0tYvLOWc=
github.com/go-openapi/swag v0.0.0-20180703152219-2b0bd4f193d0 h1:KOHIkUyLtY/OapQTEisSFx2qbfP5mKIl9OYnBl4Uwd8=
github.com/go-openapi/swag v0.0.0-20180703152219-2b0bd4f193d0/go.mod h1:DXUve3Dpr1UfpPtxFw+EFuQ41HhCWZfha5jSVRG7C7I=
github.com/go-stack/stack v0.0.0-20171112031402-259ab82a6cad h1:ecsBZxqphS/k4WiCn2v95VYIFIi6AM0d6z/vtLELAeo=
github.com/go-stack/stack v0.0.0-20171112031402-259ab82a6cad/go.mod h1:v0f6uXyyMGvRgIKkXu+yp6POWl0qKG85gN/melR3HDY=
github.com/gogo/protobuf v0.0.0-20180202161900-1adfc126b415 h1:ZVXTW6cH6fU0Qvt57NgxQGdBNlVV0iDUtuvXSiQFgQQ=
github.com/gogo/protobuf v0.0.0-20180202161900-1adfc126b415/go.mod h1:r8qH/GZQm5c6nD/R0oafs1akxWv10x8SbQlK7atdtwQ=
github.com/golang/glog v0.0.0-20141105023935-44145f04b68c h1:CbdkBQ1/PiAo0FYJhQGwASD8wrgNvTdf01g6+O9tNuA=
github.com/golang/glog v0.0.0-20141105023935-44145f04b68c/go.mod h1:SBH7ygxi8pfUlaOkMMuAQtPIUF8ecWP5IEl/CR7VP2Q=
github.com/golang/protobuf v0.0.0-20180430185241-b4deda0973fb h1:EmB/puqHjeU9QEmbLPNJLa8uZF80nvHX6pMff1JNaPo=
github.com/golang/protobuf v0.0.0-20180430185241-b4deda0973fb/go.mod h1:6lQm79b+lXiMfvg/cZm0SGofjICqVBUtrP5yJMmIC1U=
github.com/google/btree v0.0.0-20180124185431-e89373fe6b4a h1:ZJu5NB1Bk5ms4vw0Xu4i+jD32SE9jQXyfnOvwhHqlT0=
github.com/google/btree v0.0.0-20180124185431-e89373fe6b4a/go.mod h1:lNA+9X1NB3Zf8V7Ke586lFgjr2dZNuvo3lPJSGZ5JPQ=
github.com/google/gofuzz v0.0.0-20170612174753-24818f796faf h1:+RRA9JqSOZFfKrOeqr2z77+8R2RKyh8PG66dcu1V0ck=
github.com/google/gofuzz v0.0.0-20170612174753-24818f796faf/go.mod h1:HP5RmnzzSNb993RKQDq4+1A4ia9nllfqcQFTQJedwGI=
github.com/googleapis/gnostic v0.0.0-20180519185700-7c663266750e h1:AJfZ36hReQAk2Rz92sEuqYYMRqQ2OyQFdKadAfvC9e4=
github.com/googleapis/gnostic v0.0.0-20180519185700-7c663266750e/go.mod h1:sJBsCZ4ayReDTBIg8b9dl28c5xFWyhBTVRp3pOg5EKY=
github.com/gregjones/httpcache v0.0.0-20180305231024-9cad4c3443a7 h1:pdN6V1QBWetyv/0+wjACpqVH+eVULgEjkurDLq3goeM=
github.com/gregjones/httpcache v0.0.0-20180305231024-9cad4c3443a7/go.mod h1:FecbI9+v66THATjSRHfNgh1IVFe/9kFxbXtjV0ctIMA=
github.com/hashicorp/go-version v0.0.0-20180322230233-23480c066577 h1:at4+18LrM8myamuV7/vT6x2s1JNXp2k4PsSbt4I02X4=
github.com/hashicorp/go-version v0.0.0-20180322230233-23480c066577/go.mod h1:fltr4n8CU8Ke44wwGCBoEymUuxUHl09ZGVZPK5anwXA=
github.com/hashicorp/golang-lru v0.0.0-20180201235237-0fb14efe8c47 h1:UnszMmmmm5vLwWzDjTFVIkfhvWF1NdrmChl8L2NUDCw=
github.com/hashicorp/golang-lru v0.0.0-20180201235237-0fb14efe8c47/go.mod h1:/m3WP610KZHVQ1SGc6re/UDhFvYD7pJ4Ao+sR/qLZy8=
github.com/imdario/mergo v0.0.0-20180608140156-9316a62528ac/go.mod h1:2EnlNZ0deacrJVfApfmtdGgDfMuh/nq6Ok1EcJh5FfA=
github.com/json-iterator/go v0.0.0-20180701071628-ab8a2e0c74be h1:AHimNtVIpiBjPUhEF5KNCkrUyqTSA5zWUl8sQ2bfGBE=
github.com/json-iterator/go v0.0.0-20180701071628-ab8a2e0c74be/go.mod h1:+SdeFBvtyEkXs7REEP0seUULqWtbJapLOCVDaaPEHmU=
github.com/kr/logfmt v0.0.0-20140226030751-b84e30acd515/go.mod h1:+0opPa2QZZtGFBFZlji/RkVcI2GknAs/DXo4wKdlNEc=
github.com/mailru/easyjson v0.0.0-20180606163543-3fdea8d05856 h1:hOnidOuIWNsFRPcxxStGeN3NNm4n4+w6KJ9cVJIh70o=
github.com/mailru/easyjson v0.0.0-20180606163543-3fdea8d05856/go.mod h1:C1wdFJiN94OJF2b5HbByQZoLdCWB1Yqtg26g4irojpc=
github.com/matttproud/golang_protobuf_extensions v0.0.0-20160424113007-c12348ce28de h1:TvEbtJWapv7jxI4C94AukCEq3o2arMqbgB2Vq6AjL2w=
github.com/matttproud/golang_protobuf_extensions v0.0.0-20160424113007-c12348ce28de/go.mod h1:D8He9yQNgCq6Z5Ld7szi9bcBfOoFv/3dc6xSMkL2PC0=
github.com/mitchellh/hashstructure v0.0.0-20170609045927-2bca23e0e452 h1:hOY53G+kBFhbYFpRVxHl5eS7laP6B1+Cq+Z9Dry1iMU=
github.com/mitchellh/hashstructure v0.0.0-20170609045927-2bca23e0e452/go.mod h1:QjSHrPWS+BGUVBYkbTZWEnOh3G1DutKwClXU/ABz6AQ=
github.com/modern-go/concurrent v0.0.0-20180306012644-bacd9c7ef1dd h1:TRLaZ9cD/w8PVh93nsPXa1VrQ6jlwL5oN8l14QlcNfg=
github.com/modern-go/concurrent v0.0.0-20180306012644-bacd9c7ef1dd/go.mod h1:6dJC0mAP4ikYIbvyc7fijjWJddQyLn8Ig3JB5CqoB9Q=
github.com/modern-go/reflect2 v0.0.0-20180701023420-4b7aa43c6742 h1:Esafd1046DLDQ0W1YjYsBW+p8U2u7vzgW2SQVmlNazg=
github.com/modern-go/reflect2 v0.0.0-20180701023420-4b7aa43c6742/go.mod h1:bx2lNnkwVCuqBIxFjflWJWanXIb3RllmbCylyMrvgv0=
github.com/openshift/api v0.0.0-20180119195949-0d921e363e95 h1:E8856wA3XWh102cbek3+gTUrRIIqaPt1FRns5eoVB3w=
github.com/openshift/api v0.0.0-20180119195949-0d921e363e95/go.mod h1:dh9o4Fs58gpFXGSYfnVxGR9PnV53I8TW84pQaJDdGiY=
github.com/openshift/client-go v0.0.0-20180227193119-1fa528d3be06 h1:kh1VQL4u7aQiNwTf9Lr8q1oMXTzksYhY0V9i7Uhn0e0=
github.com/openshift/client-go v0.0.0-20180227193119-1fa528d3be06/go.mod h1:6rzn+JTr7+WYS2E1TExP4gByoABxMznR6y2SnUIkmxk=
github.com/petar/GoLLRB v0.0.0-20130427215148-53be0d36a84c/go.mod h1:HUpKUBZnpzkdx0kD/+Yfuft+uD3zHGtXF/XJB14TUr4=
github.com/peterbourgon/diskv v0.0.0-20170814173558-5f041e8faa00 h1:Eh2O8DyYbAkNbZIaLTCBoVsAtq0Pl4ocJ4fkiJschDE=
github.com/peterbourgon/diskv v0.0.0-20170814173558-5f041e8faa00/go.mod h1:uqqh8zWWbv1HBMNONnaR/tNboyR3/BZd58JJSHlUSCU=
github.com/pkg/errors v0.0.0-20160929014801-645ef00459ed h1:7YZJ1xGPxV+y6rSIzEpufIIi0/gJXPbfQ0T01F5CKBk=
github.com/pkg/errors v0.0.0-20160929014801-645ef00459ed/go.mod h1:bwawxfHBFNV+L2hUp1rHADufV3IMtnDRdf1r5NINEl0=
github.com/prometheus/client_golang v0.0.0-20160817154824-c5b7fccd2042 h1:uPD61Wz/xvRycWcp6KYfLcQij2MPt3UtTG8KeY2CA0k=
github.com/prometheus/client_golang v0.0.0-20160817154824-c5b7fccd2042/go.mod h1:7SWBe2y4D6OKWSNQJUaRYU/AaXPKyh/dDVn+NZz0KFw=
github.com/prometheus/client_model v0.0.0-20171117100541-99fa1f4be8e5 h1:cLL6NowurKLMfCeQy4tIeph12XNQWgANCNvdyrOYKV4=
github.com/prometheus/client_model v0.0.0-20171117100541-99fa1f4be8e5/go.mod h1:MbSGuTsp3dbXC40dX6PRTWyKYBIrTGTE9sqQNg2J8bo=
github.com/prometheus/common v0.0.0-20180518154759-7600349dcfe1 h1:osmNoEW2SCW3L7EX0km2LYM8HKpNWRiouxjE3XHkyGc=
github.com/prometheus/common v0.0.0-20180518154759-7600349dcfe1/go.mod h1:daVV7qP5qjZbuso7PdcryaAu0sAZbrN9i7WWcTMWvro=
github.com/prometheus/procfs v0.0.0-20180705121852-ae68e2d4c00f h1:c9M4CCa6g8WURSsbrl3lb/w/G1Z5xZpYvhhjdcVDOkE=
github.com/prometheus/procfs v0.0.0-20180705121852-ae68e2d4c00f/go.mod h1:c3At6R/oaqEKCNdg8wHV1ftS6bRYblBhIjjI8uT2IGk=
github.com/spf13/pflag v0.0.0-20180412120913-583c0c0531f0/go.mod h1:DYY7MBk1bdzusC3SYhjObp+wFpr4gzcvqqNjLnInEg4=
golang.org/x/crypto v0.0.0-20180621125126-a49355c7e3f8 h1:h7zdf0RiEvWbYBKIx4b+q41xoUVnMmvsGZnIVE5syG8=
golang.org/x/crypto v0.0.0-20180621125126-a49355c7e3f8/go.mod h1:6SG95UA2DQfeDnfUPMdvaQW0Q7yPrPDi9nlGo2tz2b4=
golang.org/x/net v0.0.0-20180710023853-292b43bbf7cb h1:PAKVwwP1nEjfk4uJNEexGhA63YbChR1LMCGYAj1V0rU=
golang.org/x/net v0.0.0-20180710023853-292b43bbf7cb/go.mod h1:mL1N/T3taQHkDXs73rZJwtUhF3w3ftmwwsq0BUmARs4=
golang.org/x/sync v0.0.0-20180314180146-1d60e4601c6f h1:wMNYb4v58l5UBM7MYRLPG6ZhfOqbKu7X5eyFl8ZhKvA=
golang.org/x/sync v0.0.0-20180314180146-1d60e4601c6f/go.mod h1:RxMgew5VJxzue5/jJTE5uejpjVlOe/izrB70Jof72aM=
golang.org/x/sys v0.0.0-20180709060233-1b2967e3c290 h1:lPmtvIvpa5gZbfK5Ms5fXR7KNpdSKkKE0W15ED+0p/U=
golang.org/x/sys v0.0.0-20180709060233-1b2967e3c290/go.mod h1:STP8DvDyc/dI5b8T5hshtkjS+E42TnysNCUPdjciGhY=
golang.org/x/text v0.0.0-20171214130843-f21a4dfb5e38 h1:yr7ItWHARpqySNZjEh5mPMHrw3xPR9tMnomFZVcO1mQ=
golang.org/x/text v0.0.0-20171214130843-f21a4dfb5e38/go.mod h1:NqM8EUOU14njkJ3fqMW+pc6Ldnwhi/IjpwHt7yyuwOQ=
golang.org/x/time v0.0.0-20180412165947-fbb02b2291d2 h1:+DCIGbF/swA92ohVg0//6X2IVY3KZs6p9mix0ziNYJM=
golang.org/x/time v0.0.0-20180412165947-fbb02b2291d2/go.mod h1:tRJNPiyCQ0inRvYxbN9jk5I+vvW/OXSQhTDSoE431IQ=
gopkg.in/check.v1 v0.0.0-20161208181325-20d25e280405/go.mod h1:Co6ibVJAznAaIkqp8huTwlJQCZ016jof/cbN4VW5Yz0=
gopkg.in/inf.v0 v0.0.0-20180326172332-d2d2541c53f1 h1:OJ9+ZCSc6i/REY7Z8+O+968Q+U9NuZBQBUz927Jsj08=
gopkg.in/inf.v0 v0.0.0-20180326172332-d2d2541c53f1/go.mod h1:cWUDdTG/fYaXco+Dcufb5Vnc6Gp2YChqWtbxRZE0mXw=
gopkg.in/yaml.v2 v2.0.0-20180328195020-5420a8b6744d h1:Oj/i2hmKXL5S0k5gnQUUa/HsP/3A5j/j3Zj8ASGTEvY=
gopkg.in/yaml.v2 v2.0.0-20180328195020-5420a8b6744d/go.mod h1:hI93XBmqTisBFMUTm0b8Fm+jr3Dg1NNxqwp+5A1VGuI=
k8s.io/api v0.0.0-20180628040859-072894a440bd h1:HzgYeLDS1jLxw8DGr68KJh9cdQ5iZJizG0HZWstIhfQ=
k8s.io/api v0.0.0-20180628040859-072894a440bd/go.mod h1:iuAfoD4hCxJ8Onx9kaTIt30j7jUFS00AXQi6QMi99vA=
k8s.io/apiextensions-apiserver v0.0.0-20180628053655-3de98c57bc05 h1:uKDX+1GgQuV/J6TTgrtHYGRFZUPWxC13mJwBhjIhm/w=
k8s.io/apiextensions-apiserver v0.0.0-20180628053655-3de98c57bc05/go.mod h1:IxkesAMoaCRoLrPJdZNZUQp9NfZnzqaVzLhb2VEQzXE=
k8s.io/apimachinery v0.0.0-20180621070125-103fd098999d h1:MZjlsu9igBoVPZkXpIGoxI6EonqNsXXZU7hhvfQLkd4=
k8s.io/apimachinery v0.0.0-20180621070125-103fd098999d/go.mod h1:ccL7Eh7zubPUSh9A3USN90/OzHNSVN6zxzde07TDCL0=
k8s.io/client-go v0.0.0-20180628043050-7d04d0e2a0a1 h1:eiY8oz2u4VHEIU4VYsu2tSzhvvqmBaBMNub95eMLIPQ=
k8s.io/client-go v0.0.0-20180628043050-7d04d0e2a0a1/go.mod h1:7vJpHMYJwNQCWgzmNV+VYUl1zCObLyodBc8nIyt8L5s=
k8s.io/kube-openapi v0.0.0-20180629012420-d83b052f768a h1:tHgpQvrWaYfrnC8G4N0Oszw5HHCsZxKilDi2R7HuCSM=
k8s.io/kube-openapi v0.0.0-20180629012420-d83b052f768a/go.mod h1:BXM9ceUBTj2QnfH2MK1odQs778ajze1RxcmP6S8RVVc=
